
Microsoft Visual Studio Solution File, Format Version 12.00
# Visual Studio Version 17
VisualStudioVersion = 17.9.34607.119
MinimumVisualStudioVersion = 10.0.40219.1
Project("{9A19103F-16F7-4668-BE54-9A1E7A4F7556}") = "Project 1", "Project 1.csproj", "{82EE82D3-10D3-40CD-8B27-620ABFA4C48D}"
EndProject
Global
	GlobalSection(SolutionConfigurationPlatforms) = preSolution
		Debug|Any CPU = Debug|Any CPU
		Release|Any CPU = Release|Any CPU
	EndGlobalSection
	GlobalSection(ProjectConfigurationPlatforms) = postSolution
		{82EE82D3-10D3-40CD-8B27-620ABFA4C48D}.Debug|Any CPU.ActiveCfg = Debug|Any CPU
		{82EE82D3-10D3-40CD-8B27-620ABFA4C48D}.Debug|Any CPU.Build.0 = Debug|Any CPU
		{82EE82D3-10D3-40CD-8B27-620ABFA4C48D}.Release|Any CPU.ActiveCfg = Release|Any CPU
		{82EE82D3-10D3-40CD-8B27-620ABFA4C48D}.Release|Any CPU.Build.0 = Release|Any CPU
	EndGlobalSection
	GlobalSection(SolutionProperties) = preSolution
		HideSolutionNode = FALSE
	EndGlobalSection
	GlobalSection(ExtensibilityGlobals) = postSolution
		SolutionGuid = {3357D7E8-35F0-4FE3-8408-BE934CA547EF}
	EndGlobalSection
EndGlobal
